
Microsoft Visual Studio Solution File, Format Version 12.00
# Visual Studio Version 17
VisualStudioVersion = 17.1.32328.378
MinimumVisualStudioVersion = 10.0.40219.1
Project("{FAE04EC0-301F-11D3-BF4B-00C04F79EFBC}") = "ConsoleApp1", "ConsoleApp1\ConsoleApp1.csproj", "{F0A8FB35-70D4-47C4-9B73-5A3D6C26D91C}"
EndProject
Global
	GlobalSection(SolutionConfigurationPlatforms) = preSolution
		Debug|Any CPU = Debug|Any CPU
		Release|Any CPU = Release|Any CPU
	EndGlobalSection
	GlobalSection(ProjectConfigurationPlatforms) = postSolution
		{F0A8FB35-70D4-47C4-9B73-5A3D6C26D91C}.Debug|Any CPU.ActiveCfg = Debug|Any CPU
		{F0A8FB35-70D4-47C4-9B73-5A3D6C26D91C}.Debug|Any CPU.Build.0 = Debug|Any CPU
		{F0A8FB35-70D4-47C4-9B73-5A3D6C26D91C}.Release|Any CPU.ActiveCfg = Release|Any CPU
		{F0A8FB35-70D4-47C4-9B73-5A3D6C26D91C}.Release|Any CPU.Build.0 = Release|Any CPU
	EndGlobalSection
	GlobalSection(SolutionProperties) = preSolution
		HideSolutionNode = FALSE
	EndGlobalSection
	GlobalSection(ExtensibilityGlobals) = postSolution
		SolutionGuid = {F6C33F66-2263-4DB3-9E04-DB1FC4AC061F}
	EndGlobalSection
EndGlobal
